// !$*UTF8*$!
{
	archiveVersion = 1;
	classes = {
	};
	objectVersion = 46;
	objects = {

/* Begin PBXBuildFile section */
		FB896A9E19F14AE300FB4385 /* AppDelegate.swift in Sources */ = {isa = PBXBuildFile; fileRef = FB896A9D19F14AE300FB4385 /* AppDelegate.swift */; };
		FB896AA019F14AE300FB4385 /* ViewController.swift in Sources */ = {isa = PBXBuildFile; fileRef = FB896A9F19F14AE300FB4385 /* ViewController.swift */; };
		FB896AA319F14AE300FB4385 /* Main.storyboard in Resources */ = {isa = PBXBuildFile; fileRef = FB896AA119F14AE300FB4385 /* Main.storyboard */; };
		FB896AA519F14AE300FB4385 /* Images.xcassets in Resources */ = {isa = PBXBuildFile; fileRef = FB896AA419F14AE300FB4385 /* Images.xcassets */; };
		FB896AA819F14AE300FB4385 /* LaunchScreen.xib in Resources */ = {isa = PBXBuildFile; fileRef = FB896AA619F14AE300FB4385 /* LaunchScreen.xib */; };
		FB896AB419F14AE300FB4385 /* PostcardTests.swift in Sources */ = {isa = PBXBuildFile; fileRef = FB896AB319F14AE300FB4385 /* PostcardTests.swift */; };
		FBB948E319F2CBD500311A27 /* SagradaFamilia.jpeg in Resources */ = {isa = PBXBuildFile; fileRef = FBB948E219F2CBD500311A27 /* SagradaFamilia.jpeg */; };
		FBDE584619F3E4B000420184 /* AlbertEinsteinStamp.jpg in Resources */ = {isa = PBXBuildFile; fileRef = FBDE584519F3E4B000420184 /* AlbertEinsteinStamp.jpg */; };
/* End PBXBuildFile section */

/* Begin PBXContainerItemProxy section */
		FB896AAE19F14AE300FB4385 /* PBXContainerItemProxy */ = {
			isa = PBXContainerItemProxy;
			containerPortal = FB896A9019F14AE300FB4385 /* Project object */;
			proxyType = 1;
			remoteGlobalIDString = FB896A9719F14AE300FB4385;
			remoteInfo = Postcard;
		};
/* End PBXContainerItemProxy section */

/* Begin PBXFileReference section */
		FB896A9819F14AE300FB4385 /* Postcard.app */ = {isa = PBXFileReference; explicitFileType = wrapper.application; includeInIndex = 0; path = Postcard.app; sourceTree = BUILT_PRODUCTS_DIR; };
		FB896A9C19F14AE300FB4385 /* Info.plist */ = {isa = PBXFileReference; lastKnownFileType = text.plist.xml; path = Info.plist; sourceTree = "<group>"; };
		FB896A9D19F14AE300FB4385 /* AppDelegate.swift */ = {isa = PBXFileReference; lastKnownFileType = sourcecode.swift; path = AppDelegate.swift; sourceTree = "<group>"; };
		FB896A9F19F14AE300FB4385 /* ViewController.swift */ = {isa = PBXFileReference; lastKnownFileType = sourcecode.swift; path = ViewController.swift; sourceTree = "<group>"; };
		FB896AA219F14AE300FB4385 /* Base */ = {isa = PBXFileReference; lastKnownFileType = file.storyboard; name = Base; path = Base.lproj/Main.storyboard; sourceTree = "<group>"; };
		FB896AA419F14AE300FB4385 /* Images.xcassets */ = {isa = PBXFileReference; lastKnownFileType = folder.assetcatalog; path = Images.xcassets; sourceTree = "<group>"; };
		FB896AA719F14AE300FB4385 /* Base */ = {isa = PBXFileReference; lastKnownFileType = file.xib; name = Base; path = Base.lproj/LaunchScreen.xib; sourceTree = "<group>"; };
		FB896AAD19F14AE300FB4385 /* PostcardTests.xctest */ = {isa = PBXFileReference; explicitFileType = wrapper.cfbundle; includeInIndex = 0; path = PostcardTests.xctest; sourceTree = BUILT_PRODUCTS_DIR; };
		FB896AB219F14AE300FB4385 /* Info.plist */ = {isa = PBXFileReference; lastKnownFileType = text.plist.xml; path = Info.plist; sourceTree = "<group>"; };
		FB896AB319F14AE300FB4385 /* PostcardTests.swift */ = {isa = PBXFileReference; lastKnownFileType = sourcecode.swift; path = PostcardTests.swift; sourceTree = "<group>"; };
		FBB948E219F2CBD500311A27 /* SagradaFamilia.jpeg */ = {isa = PBXFileReference; lastKnownFileType = image.jpeg; path = SagradaFamilia.jpeg; sourceTree = "<group>"; };
		FBDE584519F3E4B000420184 /* AlbertEinsteinStamp.jpg */ = {isa = PBXFileReference; lastKnownFileType = image.jpeg; path = AlbertEinsteinStamp.jpg; sourceTree = "<group>"; };
/* End PBXFileReference section */

/* Begin PBXFrameworksBuildPhase section */
		FB896A9519F14AE300FB4385 /* Frameworks */ = {
			isa = PBXFrameworksBuildPhase;
			buildActionMask = 2147483647;
			files = (
			);
			runOnlyForDeploymentPostprocessing = 0;
		};
		FB896AAA19F14AE300FB4385 /* Frameworks */ = {
			isa = PBXFrameworksBuildPhase;
			buildActionMask = 2147483647;
			files = (
			);
			runOnlyForDeploymentPostprocessing = 0;
		};
/* End PBXFrameworksBuildPhase section */

/* Begin PBXGroup section */
		FB896A8F19F14AE300FB4385 = {
			isa = PBXGroup;
			children = (
				FB896A9A19F14AE300FB4385 /* Postcard */,
				FB896AB019F14AE300FB4385 /* PostcardTests */,
				FB896A9919F14AE300FB4385 /* Products */,
			);
			sourceTree = "<group>";
		};
		FB896A9919F14AE300FB4385 /* Products */ = {
			isa = PBXGroup;
			children = (
				FB896A9819F14AE300FB4385 /* Postcard.app */,
				FB896AAD19F14AE300FB4385 /* PostcardTests.xctest */,
			);
			name = Products;
			sourceTree = "<group>";
		};
		FB896A9A19F14AE300FB4385 /* Postcard */ = {
			isa = PBXGroup;
			children = (
				FB896A9D19F14AE300FB4385 /* AppDelegate.swift */,
				FB896A9F19F14AE300FB4385 /* ViewController.swift */,
				FB896AA119F14AE300FB4385 /* Main.storyboard */,
				FB896AA419F14AE300FB4385 /* Images.xcassets */,
				FB896AA619F14AE300FB4385 /* LaunchScreen.xib */,
				FB896A9B19F14AE300FB4385 /* Supporting Files */,
			);
			path = Postcard;
			sourceTree = "<group>";
		};
		FB896A9B19F14AE300FB4385 /* Supporting Files */ = {
			isa = PBXGroup;
			children = (
				FBDE584519F3E4B000420184 /* AlbertEinsteinStamp.jpg */,
				FBB948E219F2CBD500311A27 /* SagradaFamilia.jpeg */,
				FB896A9C19F14AE300FB4385 /* Info.plist */,
			);
			name = "Supporting Files";
			sourceTree = "<group>";
		};
		FB896AB019F14AE300FB4385 /* PostcardTests */ = {
			isa = PBXGroup;
			children = (
				FB896AB319F14AE300FB4385 /* PostcardTests.swift */,
				FB896AB119F14AE300FB4385 /* Supporting Files */,
			);
			path = PostcardTests;
			sourceTree = "<group>";
		};
		FB896AB119F14AE300FB4385 /* Supporting Files */ = {
			isa = PBXGroup;
			children = (
				FB896AB219F14AE300FB4385 /* Info.plist */,
			);
			name = "Supporting Files";
			sourceTree = "<group>";
		};
/* End PBXGroup section */

/* Begin PBXNativeTarget section */
		FB896A9719F14AE300FB4385 /* Postcard */ = {
			isa = PBXNativeTarget;
			buildConfigurationList = FB896AB719F14AE300FB4385 /* Build configuration list for PBXNativeTarget "Postcard" */;
			buildPhases = (
				FB896A9419F14AE300FB4385 /* Sources */,
				FB896A9519F14AE300FB4385 /* Frameworks */,
				FB896A9619F14AE300FB4385 /* Resources */,
			);
			buildRules = (
			);
			dependencies = (
			);
			name = Postcard;
			productName = Postcard;
			productReference = FB896A9819F14AE300FB4385 /* Postcard.app */;
			productType = "com.apple.product-type.application";
		};
		FB896AAC19F14AE300FB4385 /* PostcardTests */ = {
			isa = PBXNativeTarget;
			buildConfigurationList = FB896ABA19F14AE300FB4385 /* Build configuration list for PBXNativeTarget "PostcardTests" */;
			buildPhases = (
				FB896AA919F14AE300FB4385 /* Sources */,
				FB896AAA19F14AE300FB4385 /* Frameworks */,
				FB896AAB19F14AE300FB4385 /* Resources */,
			);
			buildRules = (
			);
			dependencies = (
				FB896AAF19F14AE300FB4385 /* PBXTargetDependency */,
			);
			name = PostcardTests;
			productName = PostcardTests;
			productReference = FB896AAD19F14AE300FB4385 /* PostcardTests.xctest */;
			productType = "com.apple.product-type.bundle.unit-test";
		};
/* End PBXNativeTarget section */

/* Begin PBXProject section */
		FB896A9019F14AE300FB4385 /* Project object */ = {
			isa = PBXProject;
			attributes = {
				LastUpgradeCheck = 0600;
				ORGANIZATIONNAME = "Hongsun Yoon, M.D.";
				TargetAttributes = {
					FB896A9719F14AE300FB4385 = {
						CreatedOnToolsVersion = 6.0.1;
					};
					FB896AAC19F14AE300FB4385 = {
						CreatedOnToolsVersion = 6.0.1;
						TestTargetID = FB896A9719F14AE300FB4385;
					};
				};
			};
			buildConfigurationList = FB896A9319F14AE300FB4385 /* Build configuration list for PBXProject "Postcard" */;
			compatibilityVersion = "Xcode 3.2";
			developmentRegion = English;
			hasScannedForEncodings = 0;
			knownRegions = (
				en,
				Base,
			);
			mainGroup = FB896A8F19F14AE300FB4385;
			productRefGroup = FB896A9919F14AE300FB4385 /* Products */;
			projectDirPath = "";
			projectRoot = "";
			targets = (
				FB896A9719F14AE300FB4385 /* Postcard */,
				FB896AAC19F14AE300FB4385 /* PostcardTests */,
			);
		};
/* End PBXProject section */

/* Begin PBXResourcesBuildPhase section */
		FB896A9619F14AE300FB4385 /* Resources */ = {
			isa = PBXResourcesBuildPhase;
			buildActionMask = 2147483647;
			files = (
				FB896AA319F14AE300FB4385 /* Main.storyboard in Resources */,
				FBB948E319F2CBD500311A27 /* SagradaFamilia.jpeg in Resources */,
				FBDE584619F3E4B000420184 /* AlbertEinsteinStamp.jpg in Resources */,
				FB896AA819F14AE300FB4385 /* LaunchScreen.xib in Resources */,
				FB896AA519F14AE300FB4385 /* Images.xcassets in Resources */,
			);
			runOnlyForDeploymentPostprocessing = 0;
		};
		FB896AAB19F14AE300FB4385 /* Resources */ = {
			isa = PBXResourcesBuildPhase;
			buildActionMask = 2147483647;
			files = (
			);
			runOnlyForDeploymentPostprocessing = 0;
		};
/* End PBXResourcesBuildPhase section */

/* Begin PBXSourcesBuildPhase section */
		FB896A9419F14AE300FB4385 /* Sources */ = {
			isa = PBXSourcesBuildPhase;
			buildActionMask = 2147483647;
			files = (
				FB896AA019F14AE300FB4385 /* ViewController.swift in Sources */,
				FB896A9E19F14AE300FB4385 /* AppDelegate.swift in Sources */,
			);
			runOnlyForDeploymentPostprocessing = 0;
		};
		FB896AA919F14AE300FB4385 /* Sources */ = {
			isa = PBXSourcesBuildPhase;
			buildActionMask = 2147483647;
			files = (
				FB896AB419F14AE300FB4385 /* PostcardTests.swift in Sources */,
			);
			runOnlyForDeploymentPostprocessing = 0;
		};
/* End PBXSourcesBuildPhase section */

/* Begin PBXTargetDependency section */
		FB896AAF19F14AE300FB4385 /* PBXTargetDependency */ = {
			isa = PBXTargetDependency;
			target = FB896A9719F14AE300FB4385 /* Postcard */;
			targetProxy = FB896AAE19F14AE300FB4385 /* PBXContainerItemProxy */;
		};
/* End PBXTargetDependency section */

/* Begin PBXVariantGroup section */
		FB896AA119F14AE300FB4385 /* Main.storyboard */ = {
			isa = PBXVariantGroup;
			children = (
				FB896AA219F14AE300FB4385 /* Base */,
			);
			name = Main.storyboard;
			sourceTree = "<group>";
		};
		FB896AA619F14AE300FB4385 /* LaunchScreen.xib */ = {
			isa = PBXVariantGroup;
			children = (
				FB896AA719F14AE300FB4385 /* Base */,
			);
			name = LaunchScreen.xib;
			sourceTree = "<group>";
		};
/* End PBXVariantGroup section */

/* Begin XCBuildConfiguration section */
		FB896AB519F14AE300FB4385 /* Debug */ = {
			isa = XCBuildConfiguration;
			buildSettings = {
				ALWAYS_SEARCH_USER_PATHS = NO;
				CLANG_CXX_LANGUAGE_STANDARD = "gnu++0x";
				CLANG_CXX_LIBRARY = "libc++";
				CLANG_ENABLE_MODULES = YES;
				CLANG_ENABLE_OBJC_ARC = YES;
				CLANG_WARN_BOOL_CONVERSION = YES;
				CLANG_WARN_CONSTANT_CONVERSION = YES;
				CLANG_WARN_DIRECT_OBJC_ISA_USAGE = YES_ERROR;
				CLANG_WARN_EMPTY_BODY = YES;
				CLANG_WARN_ENUM_CONVERSION = YES;
				CLANG_WARN_INT_CONVERSION = YES;
				CLANG_WARN_OBJC_ROOT_CLASS = YES_ERROR;
				CLANG_WARN_UNREACHABLE_CODE = YES;
				CLANG_WARN__DUPLICATE_METHOD_MATCH = YES;
				"CODE_SIGN_IDENTITY[sdk=iphoneos*]" = "iPhone Developer";
				COPY_PHASE_STRIP = NO;
				ENABLE_STRICT_OBJC_MSGSEND = YES;
				GCC_C_LANGUAGE_STANDARD = gnu99;
				GCC_DYNAMIC_NO_PIC = NO;
				GCC_OPTIMIZATION_LEVEL = 0;
				GCC_PREPROCESSOR_DEFINITIONS = (
					"DEBUG=1",
					"$(inherited)",
				);
				GCC_SYMBOLS_PRIVATE_EXTERN = NO;
				GCC_WARN_64_TO_32_BIT_CONVERSION = YES;
				GCC_WARN_ABOUT_RETURN_TYPE = YES_ERROR;
				GCC_WARN_UNDECLARED_SELECTOR = YES;
				GCC_WARN_UNINITIALIZED_AUTOS = YES_AGGRESSIVE;
				GCC_WARN_UNUSED_FUNCTION = YES;
				GCC_WARN_UNUSED_VARIABLE = YES;
				IPHONEOS_DEPLOYMENT_TARGET = 8.0;
				MTL_ENABLE_DEBUG_INFO = YES;
				ONLY_ACTIVE_ARCH = YES;
				SDKROOT = iphoneos;
				SWIFT_OPTIMIZATION_LEVEL = "-Onone";
				TARGETED_DEVICE_FAMILY = "1,2";
			};
			name = Debug;
		};
		FB896AB619F14AE300FB4385 /* Release */ = {
			isa = XCBuildConfiguration;
			buildSettings = {
				ALWAYS_SEARCH_USER_PATHS = NO;
				CLANG_CXX_LANGUAGE_STANDARD = "gnu++0x";
				CLANG_CXX_LIBRARY = "libc++";
				CLANG_ENABLE_MODULES = YES;
				CLANG_ENABLE_OBJC_ARC = YES;
				CLANG_WARN_BOOL_CONVERSION = YES;
				CLANG_WARN_CONSTANT_CONVERSION = YES;
				CLANG_WARN_DIRECT_OBJC_ISA_USAGE = YES_ERROR;
				CLANG_WARN_EMPTY_BODY = YES;
				CLANG_WARN_ENUM_CONVERSION = YES;
				CLANG_WARN_INT_CONVERSION = YES;
				CLANG_WARN_OBJC_ROOT_CLASS = YES_ERROR;
				CLANG_WARN_UNREACHABLE_CODE = YES;
				CLANG_WARN__DUPLICATE_METHOD_MATCH = YES;
				"CODE_SIGN_IDENTITY[sdk=iphoneos*]" = "iPhone Developer";
				COPY_PHASE_STRIP = YES;
				ENABLE_NS_ASSERTIONS = NO;
				ENABLE_STRICT_OBJC_MSGSEND = YES;
				GCC_C_LANGUAGE_STANDARD = gnu99;
				GCC_WARN_64_TO_32_BIT_CONVERSION = YES;
				GCC_WARN_ABOUT_RETURN_TYPE = YES_ERROR;
				GCC_WARN_UNDECLARED_SELECTOR = YES;
				GCC_WARN_UNINITIALIZED_AUTOS = YES_AGGRESSIVE;
				GCC_WARN_UNUSED_FUNCTION = YES;
				GCC_WARN_UNUSED_VARIABLE = YES;
				IPHONEOS_DEPLOYMENT_TARGET = 8.0;
				MTL_ENABLE_DEBUG_INFO = NO;
				SDKROOT = iphoneos;
				TARGETED_DEVICE_FAMILY = "1,2";
				VALIDATE_PRODUCT = YES;
			};
			name = Release;
		};
		FB896AB819F14AE300FB4385 /* Debug */ = {
			isa = XCBuildConfiguration;
			buildSettings = {
				ASSETCATALOG_COMPILER_APPICON_NAME = AppIcon;
				INFOPLIST_FILE = Postcard/Info.plist;
				LD_RUNPATH_SEARCH_PATHS = "$(inherited) @executable_path/Frameworks";
				PRODUCT_NAME = "$(TARGET_NAME)";
			};
			name = Debug;
		};
		FB896AB919F14AE300FB4385 /* Release */ = {
			isa = XCBuildConfiguration;
			buildSettings = {
				ASSETCATALOG_COMPILER_APPICON_NAME = AppIcon;
				INFOPLIST_FILE = Postcard/Info.plist;
				LD_RUNPATH_SEARCH_PATHS = "$(inherited) @executable_path/Frameworks";
				PRODUCT_NAME = "$(TARGET_NAME)";
			};
			name = Release;
		};
		FB896ABB19F14AE300FB4385 /* Debug */ = {
			isa = XCBuildConfiguration;
			buildSettings = {
				BUNDLE_LOADER = "$(TEST_HOST)";
				FRAMEWORK_SEARCH_PATHS = (
					"$(SDKROOT)/Developer/Library/Frameworks",
					"$(inherited)",
				);
				GCC_PREPROCESSOR_DEFINITIONS = (
					"DEBUG=1",
					"$(inherited)",
				);
				INFOPLIST_FILE = PostcardTests/Info.plist;
				LD_RUNPATH_SEARCH_PATHS = "$(inherited) @executable_path/Frameworks @loader_path/Frameworks";
				PRODUCT_NAME = "$(TARGET_NAME)";
				TEST_HOST = "$(BUILT_PRODUCTS_DIR)/Postcard.app/Postcard";
			};
			name = Debug;
		};
		FB896ABC19F14AE300FB4385 /* Release */ = {
			isa = XCBuildConfiguration;
			buildSettings = {
				BUNDLE_LOADER = "$(TEST_HOST)";
				FRAMEWORK_SEARCH_PATHS = (
					"$(SDKROOT)/Developer/Library/Frameworks",
					"$(inherited)",
				);
				INFOPLIST_FILE = PostcardTests/Info.plist;
				LD_RUNPATH_SEARCH_PATHS = "$(inherited) @executable_path/Frameworks @loader_path/Frameworks";
				PRODUCT_NAME = "$(TARGET_NAME)";
				TEST_HOST = "$(BUILT_PRODUCTS_DIR)/Postcard.app/Postcard";
			};
			name = Release;
		};
/* End XCBuildConfiguration section */

/* Begin XCConfigurationList section */
		FB896A9319F14AE300FB4385 /* Build configuration list for PBXProject "Postcard" */ = {
			isa = XCConfigurationList;
			buildConfigurations = (
				FB896AB519F14AE300FB4385 /* Debug */,
				FB896AB619F14AE300FB4385 /* Release */,
			);
			defaultConfigurationIsVisible = 0;
			defaultConfigurationName = Release;
		};
		FB896AB719F14AE300FB4385 /* Build configuration list for PBXNativeTarget "Postcard" */ = {
			isa = XCConfigurationList;
			buildConfigurations = (
				FB896AB819F14AE300FB4385 /* Debug */,
				FB896AB919F14AE300FB4385 /* Release */,
			);
			defaultConfigurationIsVisible = 0;
			defaultConfigurationName = Release;
		};
		FB896ABA19F14AE300FB4385 /* Build configuration list for PBXNativeTarget "PostcardTests" */ = {
			isa = XCConfigurationList;
			buildConfigurations = (
				FB896ABB19F14AE300FB4385 /* Debug */,
				FB896ABC19F14AE300FB4385 /* Release */,
			);
			defaultConfigurationIsVisible = 0;
			defaultConfigurationName = Release;
		};
/* End XCConfigurationList section */
	};
	rootObject = FB896A9019F14AE300FB4385 /* Project object */;
}
